// !$*UTF8*$!
{
	archiveVersion = 1;
	classes = {
	};
	objectVersion = 77;
	objects = {

/* Begin PBXContainerItemProxy section */
		D1D04BC72CFCED9A00ED842E /* PBXContainerItemProxy */ = {
			isa = PBXContainerItemProxy;
			containerPortal = D1D04BAE2CFCED9800ED842E /* Project object */;
			proxyType = 1;
			remoteGlobalIDString = D1D04BB52CFCED9800ED842E;
			remoteInfo = RyB;
		};
		D1D04BD12CFCED9A00ED842E /* PBXContainerItemProxy */ = {
			isa = PBXContainerItemProxy;
			containerPortal = D1D04BAE2CFCED9800ED842E /* Project object */;
			proxyType = 1;
			remoteGlobalIDString = D1D04BB52CFCED9800ED842E;
			remoteInfo = RyB;
		};
/* End PBXContainerItemProxy section */

/* Begin PBXFileReference section */
		D1D04BB62CFCED9900ED842E /* RyB.app */ = {isa = PBXFileReference; explicitFileType = wrapper.application; includeInIndex = 0; path = RyB.app; sourceTree = BUILT_PRODUCTS_DIR; };
		D1D04BC62CFCED9A00ED842E /* RyBTests.xctest */ = {isa = PBXFileReference; explicitFileType = wrapper.cfbundle; includeInIndex = 0; path = RyBTests.xctest; sourceTree = BUILT_PRODUCTS_DIR; };
		D1D04BD02CFCED9A00ED842E /* RyBUITests.xctest */ = {isa = PBXFileReference; explicitFileType = wrapper.cfbundle; includeInIndex = 0; path = RyBUITests.xctest; sourceTree = BUILT_PRODUCTS_DIR; };
/* End PBXFileReference section */

/* Begin PBXFileSystemSynchronizedRootGroup section */
		D1D04BB82CFCED9900ED842E /* RyB */ = {
			isa = PBXFileSystemSynchronizedRootGroup;
			path = RyB;
			sourceTree = "<group>";
		};
		D1D04BC92CFCED9A00ED842E /* RyBTests */ = {
			isa = PBXFileSystemSynchronizedRootGroup;
			path = RyBTests;
			sourceTree = "<group>";
		};
		D1D04BD32CFCED9A00ED842E /* RyBUITests */ = {
			isa = PBXFileSystemSynchronizedRootGroup;
			path = RyBUITests;
			sourceTree = "<group>";
		};
/* End PBXFileSystemSynchronizedRootGroup section */

/* Begin PBXFrameworksBuildPhase section */
		D1D04BB32CFCED9800ED842E /* Frameworks */ = {
			isa = PBXFrameworksBuildPhase;
			buildActionMask = 2147483647;
			files = (
			);
			runOnlyForDeploymentPostprocessing = 0;
		};
		D1D04BC32CFCED9A00ED842E /* Frameworks */ = {
			isa = PBXFrameworksBuildPhase;
			buildActionMask = 2147483647;
			files = (
			);
			runOnlyForDeploymentPostprocessing = 0;
		};
		D1D04BCD2CFCED9A00ED842E /* Frameworks */ = {
			isa = PBXFrameworksBuildPhase;
			buildActionMask = 2147483647;
			files = (
			);
			runOnlyForDeploymentPostprocessing = 0;
		};
/* End PBXFrameworksBuildPhase section */

/* Begin PBXGroup section */
		D1D04BAD2CFCED9800ED842E = {
			isa = PBXGroup;
			children = (
				D1D04BB82CFCED9900ED842E /* RyB */,
				D1D04BC92CFCED9A00ED842E /* RyBTests */,
				D1D04BD32CFCED9A00ED842E /* RyBUITests */,
				D1D04BB72CFCED9900ED842E /* Products */,
			);
			sourceTree = "<group>";
		};
		D1D04BB72CFCED9900ED842E /* Products */ = {
			isa = PBXGroup;
			children = (
				D1D04BB62CFCED9900ED842E /* RyB.app */,
				D1D04BC62CFCED9A00ED842E /* RyBTests.xctest */,
				D1D04BD02CFCED9A00ED842E /* RyBUITests.xctest */,
			);
			name = Products;
			sourceTree = "<group>";
		};
/* End PBXGroup section */

/* Begin PBXNativeTarget section */
		D1D04BB52CFCED9800ED842E /* RyB */ = {
			isa = PBXNativeTarget;
			buildConfigurationList = D1D04BDA2CFCED9A00ED842E /* Build configuration list for PBXNativeTarget "RyB" */;
			buildPhases = (
				D1D04BB22CFCED9800ED842E /* Sources */,
				D1D04BB32CFCED9800ED842E /* Frameworks */,
				D1D04BB42CFCED9800ED842E /* Resources */,
			);
			buildRules = (
			);
			dependencies = (
			);
			fileSystemSynchronizedGroups = (
				D1D04BB82CFCED9900ED842E /* RyB */,
			);
			name = RyB;
			packageProductDependencies = (
			);
			productName = RyB;
			productReference = D1D04BB62CFCED9900ED842E /* RyB.app */;
			productType = "com.apple.product-type.application";
		};
		D1D04BC52CFCED9A00ED842E /* RyBTests */ = {
			isa = PBXNativeTarget;
			buildConfigurationList = D1D04BDD2CFCED9A00ED842E /* Build configuration list for PBXNativeTarget "RyBTests" */;
			buildPhases = (
				D1D04BC22CFCED9A00ED842E /* Sources */,
				D1D04BC32CFCED9A00ED842E /* Frameworks */,
				D1D04BC42CFCED9A00ED842E /* Resources */,
			);
			buildRules = (
			);
			dependencies = (
				D1D04BC82CFCED9A00ED842E /* PBXTargetDependency */,
			);
			fileSystemSynchronizedGroups = (
				D1D04BC92CFCED9A00ED842E /* RyBTests */,
			);
			name = RyBTests;
			packageProductDependencies = (
			);
			productName = RyBTests;
			productReference = D1D04BC62CFCED9A00ED842E /* RyBTests.xctest */;
			productType = "com.apple.product-type.bundle.unit-test";
		};
		D1D04BCF2CFCED9A00ED842E /* RyBUITests */ = {
			isa = PBXNativeTarget;
			buildConfigurationList = D1D04BE02CFCED9A00ED842E /* Build configuration list for PBXNativeTarget "RyBUITests" */;
			buildPhases = (
				D1D04BCC2CFCED9A00ED842E /* Sources */,
				D1D04BCD2CFCED9A00ED842E /* Frameworks */,
				D1D04BCE2CFCED9A00ED842E /* Resources */,
			);
			buildRules = (
			);
			dependencies = (
				D1D04BD22CFCED9A00ED842E /* PBXTargetDependency */,
			);
			fileSystemSynchronizedGroups = (
				D1D04BD32CFCED9A00ED842E /* RyBUITests */,
			);
			name = RyBUITests;
			packageProductDependencies = (
			);
			productName = RyBUITests;
			productReference = D1D04BD02CFCED9A00ED842E /* RyBUITests.xctest */;
			productType = "com.apple.product-type.bundle.ui-testing";
		};
/* End PBXNativeTarget section */

/* Begin PBXProject section */
		D1D04BAE2CFCED9800ED842E /* Project object */ = {
			isa = PBXProject;
			attributes = {
				BuildIndependentTargetsInParallel = 1;
				LastSwiftUpdateCheck = 1610;
				LastUpgradeCheck = 1610;
				TargetAttributes = {
					D1D04BB52CFCED9800ED842E = {
						CreatedOnToolsVersion = 16.1;
					};
					D1D04BC52CFCED9A00ED842E = {
						CreatedOnToolsVersion = 16.1;
						TestTargetID = D1D04BB52CFCED9800ED842E;
					};
					D1D04BCF2CFCED9A00ED842E = {
						CreatedOnToolsVersion = 16.1;
						TestTargetID = D1D04BB52CFCED9800ED842E;
					};
				};
			};
			buildConfigurationList = D1D04BB12CFCED9800ED842E /* Build configuration list for PBXProject "RyB" */;
			developmentRegion = en;
			hasScannedForEncodings = 0;
			knownRegions = (
				en,
				Base,
			);
			mainGroup = D1D04BAD2CFCED9800ED842E;
			minimizedProjectReferenceProxies = 1;
			preferredProjectObjectVersion = 77;
			productRefGroup = D1D04BB72CFCED9900ED842E /* Products */;
			projectDirPath = "";
			projectRoot = "";
			targets = (
				D1D04BB52CFCED9800ED842E /* RyB */,
				D1D04BC52CFCED9A00ED842E /* RyBTests */,
				D1D04BCF2CFCED9A00ED842E /* RyBUITests */,
			);
		};
/* End PBXProject section */

/* Begin PBXResourcesBuildPhase section */
		D1D04BB42CFCED9800ED842E /* Resources */ = {
			isa = PBXResourcesBuildPhase;
			buildActionMask = 2147483647;
			files = (
			);
			runOnlyForDeploymentPostprocessing = 0;
		};
		D1D04BC42CFCED9A00ED842E /* Resources */ = {
			isa = PBXResourcesBuildPhase;
			buildActionMask = 2147483647;
			files = (
			);
			runOnlyForDeploymentPostprocessing = 0;
		};
		D1D04BCE2CFCED9A00ED842E /* Resources */ = {
			isa = PBXResourcesBuildPhase;
			buildActionMask = 2147483647;
			files = (
			);
			runOnlyForDeploymentPostprocessing = 0;
		};
/* End PBXResourcesBuildPhase section */

/* Begin PBXSourcesBuildPhase section */
		D1D04BB22CFCED9800ED842E /* Sources */ = {
			isa = PBXSourcesBuildPhase;
			buildActionMask = 2147483647;
			files = (
			);
			runOnlyForDeploymentPostprocessing = 0;
		};
		D1D04BC22CFCED9A00ED842E /* Sources */ = {
			isa = PBXSourcesBuildPhase;
			buildActionMask = 2147483647;
			files = (
			);
			runOnlyForDeploymentPostprocessing = 0;
		};
		D1D04BCC2CFCED9A00ED842E /* Sources */ = {
			isa = PBXSourcesBuildPhase;
			buildActionMask = 2147483647;
			files = (
			);
			runOnlyForDeploymentPostprocessing = 0;
		};
/* End PBXSourcesBuildPhase section */

/* Begin PBXTargetDependency section */
		D1D04BC82CFCED9A00ED842E /* PBXTargetDependency */ = {
			isa = PBXTargetDependency;
			target = D1D04BB52CFCED9800ED842E /* RyB */;
			targetProxy = D1D04BC72CFCED9A00ED842E /* PBXContainerItemProxy */;
		};
		D1D04BD22CFCED9A00ED842E /* PBXTargetDependency */ = {
			isa = PBXTargetDependency;
			target = D1D04BB52CFCED9800ED842E /* RyB */;
			targetProxy = D1D04BD12CFCED9A00ED842E /* PBXContainerItemProxy */;
		};
/* End PBXTargetDependency section */

/* Begin XCBuildConfiguration section */
		D1D04BD82CFCED9A00ED842E /* Debug */ = {
			isa = XCBuildConfiguration;
			buildSettings = {
				ALWAYS_SEARCH_USER_PATHS = NO;
				ASSETCATALOG_COMPILER_GENERATE_SWIFT_ASSET_SYMBOL_EXTENSIONS = YES;
				CLANG_ANALYZER_NONNULL = YES;
				CLANG_ANALYZER_NUMBER_OBJECT_CONVERSION = YES_AGGRESSIVE;
				CLANG_CXX_LANGUAGE_STANDARD = "gnu++20";
				CLANG_ENABLE_MODULES = YES;
				CLANG_ENABLE_OBJC_ARC = YES;
				CLANG_ENABLE_OBJC_WEAK = YES;
				CLANG_WARN_BLOCK_CAPTURE_AUTORELEASING = YES;
				CLANG_WARN_BOOL_CONVERSION = YES;
				CLANG_WARN_COMMA = YES;
				CLANG_WARN_CONSTANT_CONVERSION = YES;
				CLANG_WARN_DEPRECATED_OBJC_IMPLEMENTATIONS = YES;
				CLANG_WARN_DIRECT_OBJC_ISA_USAGE = YES_ERROR;
				CLANG_WARN_DOCUMENTATION_COMMENTS = YES;
				CLANG_WARN_EMPTY_BODY = YES;
				CLANG_WARN_ENUM_CONVERSION = YES;
				CLANG_WARN_INFINITE_RECURSION = YES;
				CLANG_WARN_INT_CONVERSION = YES;
				CLANG_WARN_NON_LITERAL_NULL_CONVERSION = YES;
				CLANG_WARN_OBJC_IMPLICIT_RETAIN_SELF = YES;
				CLANG_WARN_OBJC_LITERAL_CONVERSION = YES;
				CLANG_WARN_OBJC_ROOT_CLASS = YES_ERROR;
				CLANG_WARN_QUOTED_INCLUDE_IN_FRAMEWORK_HEADER = YES;
				CLANG_WARN_RANGE_LOOP_ANALYSIS = YES;
				CLANG_WARN_STRICT_PROTOTYPES = YES;
				CLANG_WARN_SUSPICIOUS_MOVE = YES;
				CLANG_WARN_UNGUARDED_AVAILABILITY = YES_AGGRESSIVE;
				CLANG_WARN_UNREACHABLE_CODE = YES;
				CLANG_WARN__DUPLICATE_METHOD_MATCH = YES;
				COPY_PHASE_STRIP = NO;
				DEBUG_INFORMATION_FORMAT = dwarf;
				ENABLE_STRICT_OBJC_MSGSEND = YES;
				ENABLE_TESTABILITY = YES;
				ENABLE_USER_SCRIPT_SANDBOXING = YES;
				GCC_C_LANGUAGE_STANDARD = gnu17;
				GCC_DYNAMIC_NO_PIC = NO;
				GCC_NO_COMMON_BLOCKS = YES;
				GCC_OPTIMIZATION_LEVEL = 0;
				GCC_PREPROCESSOR_DEFINITIONS = (
					"DEBUG=1",
					"$(inherited)",
				);
				GCC_WARN_64_TO_32_BIT_CONVERSION = YES;
				GCC_WARN_ABOUT_RETURN_TYPE = YES_ERROR;
				GCC_WARN_UNDECLARED_SELECTOR = YES;
				GCC_WARN_UNINITIALIZED_AUTOS = YES_AGGRESSIVE;
				GCC_WARN_UNUSED_FUNCTION = YES;
				GCC_WARN_UNUSED_VARIABLE = YES;
				IPHONEOS_DEPLOYMENT_TARGET = 18.1;
				LOCALIZATION_PREFERS_STRING_CATALOGS = YES;
				MTL_ENABLE_DEBUG_INFO = INCLUDE_SOURCE;
				MTL_FAST_MATH = YES;
				ONLY_ACTIVE_ARCH = YES;
				SDKROOT = iphoneos;
				SWIFT_ACTIVE_COMPILATION_CONDITIONS = "DEBUG $(inherited)";
				SWIFT_OPTIMIZATION_LEVEL = "-Onone";
			};
			name = Debug;
		};
		D1D04BD92CFCED9A00ED842E /* Release */ = {
			isa = XCBuildConfiguration;
			buildSettings = {
				ALWAYS_SEARCH_USER_PATHS = NO;
				ASSETCATALOG_COMPILER_GENERATE_SWIFT_ASSET_SYMBOL_EXTENSIONS = YES;
				CLANG_ANALYZER_NONNULL = YES;
				CLANG_ANALYZER_NUMBER_OBJECT_CONVERSION = YES_AGGRESSIVE;
				CLANG_CXX_LANGUAGE_STANDARD = "gnu++20";
				CLANG_ENABLE_MODULES = YES;
				CLANG_ENABLE_OBJC_ARC = YES;
				CLANG_ENABLE_OBJC_WEAK = YES;
				CLANG_WARN_BLOCK_CAPTURE_AUTORELEASING = YES;
				CLANG_WARN_BOOL_CONVERSION = YES;
				CLANG_WARN_COMMA = YES;
				CLANG_WARN_CONSTANT_CONVERSION = YES;
				CLANG_WARN_DEPRECATED_OBJC_IMPLEMENTATIONS = YES;
				CLANG_WARN_DIRECT_OBJC_ISA_USAGE = YES_ERROR;
				CLANG_WARN_DOCUMENTATION_COMMENTS = YES;
				CLANG_WARN_EMPTY_BODY = YES;
				CLANG_WARN_ENUM_CONVERSION = YES;
				CLANG_WARN_INFINITE_RECURSION = YES;
				CLANG_WARN_INT_CONVERSION = YES;
				CLANG_WARN_NON_LITERAL_NULL_CONVERSION = YES;
				CLANG_WARN_OBJC_IMPLICIT_RETAIN_SELF = YES;
				CLANG_WARN_OBJC_LITERAL_CONVERSION = YES;
				CLANG_WARN_OBJC_ROOT_CLASS = YES_ERROR;
				CLANG_WARN_QUOTED_INCLUDE_IN_FRAMEWORK_HEADER = YES;
				CLANG_WARN_RANGE_LOOP_ANALYSIS = YES;
				CLANG_WARN_STRICT_PROTOTYPES = YES;
				CLANG_WARN_SUSPICIOUS_MOVE = YES;
				CLANG_WARN_UNGUARDED_AVAILABILITY = YES_AGGRESSIVE;
				CLANG_WARN_UNREACHABLE_CODE = YES;
				CLANG_WARN__DUPLICATE_METHOD_MATCH = YES;
				COPY_PHASE_STRIP = NO;
				DEBUG_INFORMATION_FORMAT = "dwarf-with-dsym";
				ENABLE_NS_ASSERTIONS = NO;
				ENABLE_STRICT_OBJC_MSGSEND = YES;
				ENABLE_USER_SCRIPT_SANDBOXING = YES;
				GCC_C_LANGUAGE_STANDARD = gnu17;
				GCC_NO_COMMON_BLOCKS = YES;
				GCC_WARN_64_TO_32_BIT_CONVERSION = YES;
				GCC_WARN_ABOUT_RETURN_TYPE = YES_ERROR;
				GCC_WARN_UNDECLARED_SELECTOR = YES;
				GCC_WARN_UNINITIALIZED_AUTOS = YES_AGGRESSIVE;
				GCC_WARN_UNUSED_FUNCTION = YES;
				GCC_WARN_UNUSED_VARIABLE = YES;
				IPHONEOS_DEPLOYMENT_TARGET = 18.1;
				LOCALIZATION_PREFERS_STRING_CATALOGS = YES;
				MTL_ENABLE_DEBUG_INFO = NO;
				MTL_FAST_MATH = YES;
				SDKROOT = iphoneos;
				SWIFT_COMPILATION_MODE = wholemodule;
				VALIDATE_PRODUCT = YES;
			};
			name = Release;
		};
		D1D04BDB2CFCED9A00ED842E /* Debug */ = {
			isa = XCBuildConfiguration;
			buildSettings = {
				ASSETCATALOG_COMPILER_APPICON_NAME = AppIcon;
				ASSETCATALOG_COMPILER_GLOBAL_ACCENT_COLOR_NAME = AccentColor;
				CODE_SIGN_STYLE = Automatic;
				CURRENT_PROJECT_VERSION = 1;
				DEVELOPMENT_ASSET_PATHS = "\"RyB/Preview Content\"";
				DEVELOPMENT_TEAM = RF4V86H8MA;
				ENABLE_PREVIEWS = YES;
				GENERATE_INFOPLIST_FILE = YES;
				INFOPLIST_KEY_UIApplicationSceneManifest_Generation = YES;
				INFOPLIST_KEY_UIApplicationSupportsIndirectInputEvents = YES;
				INFOPLIST_KEY_UILaunchScreen_Generation = YES;
				INFOPLIST_KEY_UISupportedInterfaceOrientations_iPad = "UIInterfaceOrientationPortrait UIInterfaceOrientationPortraitUpsideDown UIInterfaceOrientationLandscapeLeft UIInterfaceOrientationLandscapeRight";
				INFOPLIST_KEY_UISupportedInterfaceOrientations_iPhone = "UIInterfaceOrientationPortrait UIInterfaceOrientationLandscapeLeft UIInterfaceOrientationLandscapeRight";
				IPHONEOS_DEPLOYMENT_TARGET = 16.6;
				LD_RUNPATH_SEARCH_PATHS = (
					"$(inherited)",
					"@executable_path/Frameworks",
				);
				MARKETING_VERSION = 1.0;
				PRODUCT_BUNDLE_IDENTIFIER = byteram.co.RyB;
				PRODUCT_NAME = "$(TARGET_NAME)";
				SWIFT_EMIT_LOC_STRINGS = YES;
				SWIFT_VERSION = 5.0;
				TARGETED_DEVICE_FAMILY = "1,2";
			};
			name = Debug;
		};
		D1D04BDC2CFCED9A00ED842E /* Release */ = {
			isa = XCBuildConfiguration;
			buildSettings = {
				ASSETCATALOG_COMPILER_APPICON_NAME = AppIcon;
				ASSETCATALOG_COMPILER_GLOBAL_ACCENT_COLOR_NAME = AccentColor;
				CODE_SIGN_STYLE = Automatic;
				CURRENT_PROJECT_VERSION = 1;
				DEVELOPMENT_ASSET_PATHS = "\"RyB/Preview Content\"";
				DEVELOPMENT_TEAM = RF4V86H8MA;
				ENABLE_PREVIEWS = YES;
				GENERATE_INFOPLIST_FILE = YES;
				INFOPLIST_KEY_UIApplicationSceneManifest_Generation = YES;
				INFOPLIST_KEY_UIApplicationSupportsIndirectInputEvents = YES;
				INFOPLIST_KEY_UILaunchScreen_Generation = YES;
				INFOPLIST_KEY_UISupportedInterfaceOrientations_iPad = "UIInterfaceOrientationPortrait UIInterfaceOrientationPortraitUpsideDown UIInterfaceOrientationLandscapeLeft UIInterfaceOrientationLandscapeRight";
				INFOPLIST_KEY_UISupportedInterfaceOrientations_iPhone = "UIInterfaceOrientationPortrait UIInterfaceOrientationLandscapeLeft UIInterfaceOrientationLandscapeRight";
				IPHONEOS_DEPLOYMENT_TARGET = 16.6;
				LD_RUNPATH_SEARCH_PATHS = (
					"$(inherited)",
					"@executable_path/Frameworks",
				);
				MARKETING_VERSION = 1.0;
				PRODUCT_BUNDLE_IDENTIFIER = byteram.co.RyB;
				PRODUCT_NAME = "$(TARGET_NAME)";
				SWIFT_EMIT_LOC_STRINGS = YES;
				SWIFT_VERSION = 5.0;
				TARGETED_DEVICE_FAMILY = "1,2";
			};
			name = Release;
		};
		D1D04BDE2CFCED9A00ED842E /* Debug */ = {
			isa = XCBuildConfiguration;
			buildSettings = {
				BUNDLE_LOADER = "$(TEST_HOST)";
				CODE_SIGN_STYLE = Automatic;
				CURRENT_PROJECT_VERSION = 1;
				DEVELOPMENT_TEAM = RF4V86H8MA;
				GENERATE_INFOPLIST_FILE = YES;
				IPHONEOS_DEPLOYMENT_TARGET = 18.1;
				MARKETING_VERSION = 1.0;
				PRODUCT_BUNDLE_IDENTIFIER = byteram.co.RyBTests;
				PRODUCT_NAME = "$(TARGET_NAME)";
				SWIFT_EMIT_LOC_STRINGS = NO;
				SWIFT_VERSION = 5.0;
				TARGETED_DEVICE_FAMILY = "1,2";
				TEST_HOST = "$(BUILT_PRODUCTS_DIR)/RyB.app/$(BUNDLE_EXECUTABLE_FOLDER_PATH)/RyB";
			};
			name = Debug;
		};
		D1D04BDF2CFCED9A00ED842E /* Release */ = {
			isa = XCBuildConfiguration;
			buildSettings = {
				BUNDLE_LOADER = "$(TEST_HOST)";
				CODE_SIGN_STYLE = Automatic;
				CURRENT_PROJECT_VERSION = 1;
				DEVELOPMENT_TEAM = RF4V86H8MA;
				GENERATE_INFOPLIST_FILE = YES;
				IPHONEOS_DEPLOYMENT_TARGET = 18.1;
				MARKETING_VERSION = 1.0;
				PRODUCT_BUNDLE_IDENTIFIER = byteram.co.RyBTests;
				PRODUCT_NAME = "$(TARGET_NAME)";
				SWIFT_EMIT_LOC_STRINGS = NO;
				SWIFT_VERSION = 5.0;
				TARGETED_DEVICE_FAMILY = "1,2";
				TEST_HOST = "$(BUILT_PRODUCTS_DIR)/RyB.app/$(BUNDLE_EXECUTABLE_FOLDER_PATH)/RyB";
			};
			name = Release;
		};
		D1D04BE12CFCED9A00ED842E /* Debug */ = {
			isa = XCBuildConfiguration;
			buildSettings = {
				CODE_SIGN_STYLE = Automatic;
				CURRENT_PROJECT_VERSION = 1;
				DEVELOPMENT_TEAM = RF4V86H8MA;
				GENERATE_INFOPLIST_FILE = YES;
				MARKETING_VERSION = 1.0;
				PRODUCT_BUNDLE_IDENTIFIER = byteram.co.RyBUITests;
				PRODUCT_NAME = "$(TARGET_NAME)";
				SWIFT_EMIT_LOC_STRINGS = NO;
				SWIFT_VERSION = 5.0;
				TARGETED_DEVICE_FAMILY = "1,2";
				TEST_TARGET_NAME = RyB;
			};
			name = Debug;
		};
		D1D04BE22CFCED9A00ED842E /* Release */ = {
			isa = XCBuildConfiguration;
			buildSettings = {
				CODE_SIGN_STYLE = Automatic;
				CURRENT_PROJECT_VERSION = 1;
				DEVELOPMENT_TEAM = RF4V86H8MA;
				GENERATE_INFOPLIST_FILE = YES;
				MARKETING_VERSION = 1.0;
				PRODUCT_BUNDLE_IDENTIFIER = byteram.co.RyBUITests;
				PRODUCT_NAME = "$(TARGET_NAME)";
				SWIFT_EMIT_LOC_STRINGS = NO;
				SWIFT_VERSION = 5.0;
				TARGETED_DEVICE_FAMILY = "1,2";
				TEST_TARGET_NAME = RyB;
			};
			name = Release;
		};
/* End XCBuildConfiguration section */

/* Begin XCConfigurationList section */
		D1D04BB12CFCED9800ED842E /* Build configuration list for PBXProject "RyB" */ = {
			isa = XCConfigurationList;
			buildConfigurations = (
				D1D04BD82CFCED9A00ED842E /* Debug */,
				D1D04BD92CFCED9A00ED842E /* Release */,
			);
			defaultConfigurationIsVisible = 0;
			defaultConfigurationName = Release;
		};
		D1D04BDA2CFCED9A00ED842E /* Build configuration list for PBXNativeTarget "RyB" */ = {
			isa = XCConfigurationList;
			buildConfigurations = (
				D1D04BDB2CFCED9A00ED842E /* Debug */,
				D1D04BDC2CFCED9A00ED842E /* Release */,
			);
			defaultConfigurationIsVisible = 0;
			defaultConfigurationName = Release;
		};
		D1D04BDD2CFCED9A00ED842E /* Build configuration list for PBXNativeTarget "RyBTests" */ = {
			isa = XCConfigurationList;
			buildConfigurations = (
				D1D04BDE2CFCED9A00ED842E /* Debug */,
				D1D04BDF2CFCED9A00ED842E /* Release */,
			);
			defaultConfigurationIsVisible = 0;
			defaultConfigurationName = Release;
		};
		D1D04BE02CFCED9A00ED842E /* Build configuration list for PBXNativeTarget "RyBUITests" */ = {
			isa = XCConfigurationList;
			buildConfigurations = (
				D1D04BE12CFCED9A00ED842E /* Debug */,
				D1D04BE22CFCED9A00ED842E /* Release */,
			);
			defaultConfigurationIsVisible = 0;
			defaultConfigurationName = Release;
		};
/* End XCConfigurationList section */
	};
	rootObject = D1D04BAE2CFCED9800ED842E /* Project object */;
}
